
Microsoft Visual Studio Solution File, Format Version 12.00
# Visual Studio 15
VisualStudioVersion = 15.0.28307.1082
MinimumVisualStudioVersion = 10.0.40219.1
Project("{FAE04EC0-301F-11D3-BF4B-00C04F79EFBC}") = "PP(Week_6-7)", "PP(Week_6-7)\PP(Week_6-7).csproj", "{67A0952D-69D7-4C0B-9829-E8AE6AFA5D15}"
EndProject
Project("{FAE04EC0-301F-11D3-BF4B-00C04F79EFBC}") = "PP(L6)", "PP(L6)\PP(L6).csproj", "{BB176D04-651B-42F8-A93A-4F545757DFC3}"
EndProject
Project("{FAE04EC0-301F-11D3-BF4B-00C04F79EFBC}") = "PP(L7)", "PP(L7)\PP(L7).csproj", "{476D67EB-4F2F-44D1-882D-AC85C6461F2D}"
EndProject
Project("{FAE04EC0-301F-11D3-BF4B-00C04F79EFBC}") = "PP(L8)", "PP(L8)\PP(L8).csproj", "{C15DBB4D-E6B4-4C24-84B4-D2507C83676A}"
EndProject
Project("{FAE04EC0-301F-11D3-BF4B-00C04F79EFBC}") = "PP(L9)", "PP(L9)\PP(L9).csproj", "{D51FA4CC-1E69-458A-8D87-1B1AFBEA4D76}"
EndProject
Project("{FAE04EC0-301F-11D3-BF4B-00C04F79EFBC}") = "PP(L10)", "PP(L10)\PP(L10).csproj", "{34E847ED-2788-4363-B761-39656E6B39F9}"
EndProject
Project("{FAE04EC0-301F-11D3-BF4B-00C04F79EFBC}") = "PP(L11)", "PP(L11)\PP(L11).csproj", "{8292FBA3-4867-495B-80B9-C99FC67CDD15}"
EndProject
Project("{FAE04EC0-301F-11D3-BF4B-00C04F79EFBC}") = "PP(L12)", "PP(L12)\PP(L12).csproj", "{ADCA17FC-0A16-44D0-8BEA-8B7159749C4D}"
EndProject
Project("{FAE04EC0-301F-11D3-BF4B-00C04F79EFBC}") = "PP(L13)", "PP(L13)\PP(L13).csproj", "{D205BB27-9743-40B4-82A0-CB18430B7A27}"
EndProject
Project("{FAE04EC0-301F-11D3-BF4B-00C04F79EFBC}") = "PP(L14)", "PP(L14)\PP(L14).csproj", "{2B111EF9-59BC-448C-A3D1-8E205DA7DCAC}"
EndProject
Project("{FAE04EC0-301F-11D3-BF4B-00C04F79EFBC}") = "PP(L17)", "PP(L17)\PP(L17).csproj", "{A05FDB46-D382-4382-9594-BCDDF70C28FC}"
EndProject
Project("{FAE04EC0-301F-11D3-BF4B-00C04F79EFBC}") = "PP(L18)", "PP(L18)\PP(L18).csproj", "{58B34547-0D1E-4375-A8CE-518C5937F4C9}"
EndProject
Project("{FAE04EC0-301F-11D3-BF4B-00C04F79EFBC}") = "PP(L21)", "PP(L21)\PP(L21).csproj", "{C33993EA-2749-4B58-9588-FAE98F63DD19}"
EndProject
Project("{FAE04EC0-301F-11D3-BF4B-00C04F79EFBC}") = "PP(L22)", "PP(L22)\PP(L22).csproj", "{BB1890DB-B596-47B0-9648-A9C3A9BA7FC7}"
EndProject
Project("{FAE04EC0-301F-11D3-BF4B-00C04F79EFBC}") = "PP(L23)", "PP(L23)\PP(L23).csproj", "{D7568ABC-4EB7-40A9-AD0D-537064D07097}"
EndProject
Project("{FAE04EC0-301F-11D3-BF4B-00C04F79EFBC}") = "PP(L24)", "PP(L24)\PP(L24).csproj", "{548DAAED-7E76-4CB8-82B1-9656513543AD}"
EndProject
Project("{FAE04EC0-301F-11D3-BF4B-00C04F79EFBC}") = "PP(L25)", "PP(L25)\PP(L25).csproj", "{6996A0DE-FC7C-4722-942B-EED9B6716979}"
EndProject
Project("{FAE04EC0-301F-11D3-BF4B-00C04F79EFBC}") = "PP(L26)", "PP(L26)\PP(L26).csproj", "{817BB5DB-CB82-4401-A221-2E868CE19435}"
EndProject
Project("{FAE04EC0-301F-11D3-BF4B-00C04F79EFBC}") = "PP(L27)", "PP(L27)\PP(L27).csproj", "{D32AEA34-784A-486E-B0DB-8C1470106E89}"
EndProject
Project("{FAE04EC0-301F-11D3-BF4B-00C04F79EFBC}") = "PP(L28)", "PP(L28)\PP(L28).csproj", "{D248610E-4543-424D-BDB1-E63CA41DFCB2}"
EndProject
Project("{FAE04EC0-301F-11D3-BF4B-00C04F79EFBC}") = "PP(L29)", "PP(L29)\PP(L29).csproj", "{5D0DBAB8-EAC6-4B7E-B6EF-0CBFD7234D47}"
EndProject
Project("{FAE04EC0-301F-11D3-BF4B-00C04F79EFBC}") = "PP(L30)", "PP(L30)\PP(L30).csproj", "{1667FFE7-6336-47DB-B797-BC78EAA57B95}"
EndProject
Project("{FAE04EC0-301F-11D3-BF4B-00C04F79EFBC}") = "PP(L31)", "PP(L31)\PP(L31).csproj", "{825CA198-8394-4BC3-BB28-376E2480D9C9}"
EndProject
Project("{FAE04EC0-301F-11D3-BF4B-00C04F79EFBC}") = "PP(L32)", "PP(L32)\PP(L32).csproj", "{98D42C8F-F90D-4862-B914-D0F9DEE76822}"
EndProject
Global
	GlobalSection(SolutionConfigurationPlatforms) = preSolution
		Debug|Any CPU = Debug|Any CPU
		Release|Any CPU = Release|Any CPU
	EndGlobalSection
	GlobalSection(ProjectConfigurationPlatforms) = postSolution
		{67A0952D-69D7-4C0B-9829-E8AE6AFA5D15}.Debug|Any CPU.ActiveCfg = Debug|Any CPU
		{67A0952D-69D7-4C0B-9829-E8AE6AFA5D15}.Debug|Any CPU.Build.0 = Debug|Any CPU
		{67A0952D-69D7-4C0B-9829-E8AE6AFA5D15}.Release|Any CPU.ActiveCfg = Release|Any CPU
		{67A0952D-69D7-4C0B-9829-E8AE6AFA5D15}.Release|Any CPU.Build.0 = Release|Any CPU
		{BB176D04-651B-42F8-A93A-4F545757DFC3}.Debug|Any CPU.ActiveCfg = Debug|Any CPU
		{BB176D04-651B-42F8-A93A-4F545757DFC3}.Debug|Any CPU.Build.0 = Debug|Any CPU
		{BB176D04-651B-42F8-A93A-4F545757DFC3}.Release|Any CPU.ActiveCfg = Release|Any CPU
		{BB176D04-651B-42F8-A93A-4F545757DFC3}.Release|Any CPU.Build.0 = Release|Any CPU
		{476D67EB-4F2F-44D1-882D-AC85C6461F2D}.Debug|Any CPU.ActiveCfg = Debug|Any CPU
		{476D67EB-4F2F-44D1-882D-AC85C6461F2D}.Debug|Any CPU.Build.0 = Debug|Any CPU
		{476D67EB-4F2F-44D1-882D-AC85C6461F2D}.Release|Any CPU.ActiveCfg = Release|Any CPU
		{476D67EB-4F2F-44D1-882D-AC85C6461F2D}.Release|Any CPU.Build.0 = Release|Any CPU
		{C15DBB4D-E6B4-4C24-84B4-D2507C83676A}.Debug|Any CPU.ActiveCfg = Debug|Any CPU
		{C15DBB4D-E6B4-4C24-84B4-D2507C83676A}.Debug|Any CPU.Build.0 = Debug|Any CPU
		{C15DBB4D-E6B4-4C24-84B4-D2507C83676A}.Release|Any CPU.ActiveCfg = Release|Any CPU
		{C15DBB4D-E6B4-4C24-84B4-D2507C83676A}.Release|Any CPU.Build.0 = Release|Any CPU
		{D51FA4CC-1E69-458A-8D87-1B1AFBEA4D76}.Debug|Any CPU.ActiveCfg = Debug|Any CPU
		{D51FA4CC-1E69-458A-8D87-1B1AFBEA4D76}.Debug|Any CPU.Build.0 = Debug|Any CPU
		{D51FA4CC-1E69-458A-8D87-1B1AFBEA4D76}.Release|Any CPU.ActiveCfg = Release|Any CPU
		{D51FA4CC-1E69-458A-8D87-1B1AFBEA4D76}.Release|Any CPU.Build.0 = Release|Any CPU
		{34E847ED-2788-4363-B761-39656E6B39F9}.Debug|Any CPU.ActiveCfg = Debug|Any CPU
		{34E847ED-2788-4363-B761-39656E6B39F9}.Debug|Any CPU.Build.0 = Debug|Any CPU
		{34E847ED-2788-4363-B761-39656E6B39F9}.Release|Any CPU.ActiveCfg = Release|Any CPU
		{34E847ED-2788-4363-B761-39656E6B39F9}.Release|Any CPU.Build.0 = Release|Any CPU
		{8292FBA3-4867-495B-80B9-C99FC67CDD15}.Debug|Any CPU.ActiveCfg = Debug|Any CPU
		{8292FBA3-4867-495B-80B9-C99FC67CDD15}.Debug|Any CPU.Build.0 = Debug|Any CPU
		{8292FBA3-4867-495B-80B9-C99FC67CDD15}.Release|Any CPU.ActiveCfg = Release|Any CPU
		{8292FBA3-4867-495B-80B9-C99FC67CDD15}.Release|Any CPU.Build.0 = Release|Any CPU
		{ADCA17FC-0A16-44D0-8BEA-8B7159749C4D}.Debug|Any CPU.ActiveCfg = Debug|Any CPU
		{ADCA17FC-0A16-44D0-8BEA-8B7159749C4D}.Debug|Any CPU.Build.0 = Debug|Any CPU
		{ADCA17FC-0A16-44D0-8BEA-8B7159749C4D}.Release|Any CPU.ActiveCfg = Release|Any CPU
		{ADCA17FC-0A16-44D0-8BEA-8B7159749C4D}.Release|Any CPU.Build.0 = Release|Any CPU
		{D205BB27-9743-40B4-82A0-CB18430B7A27}.Debug|Any CPU.ActiveCfg = Debug|Any CPU
		{D205BB27-9743-40B4-82A0-CB18430B7A27}.Debug|Any CPU.Build.0 = Debug|Any CPU
		{D205BB27-9743-40B4-82A0-CB18430B7A27}.Release|Any CPU.ActiveCfg = Release|Any CPU
		{D205BB27-9743-40B4-82A0-CB18430B7A27}.Release|Any CPU.Build.0 = Release|Any CPU
		{2B111EF9-59BC-448C-A3D1-8E205DA7DCAC}.Debug|Any CPU.ActiveCfg = Debug|Any CPU
		{2B111EF9-59BC-448C-A3D1-8E205DA7DCAC}.Debug|Any CPU.Build.0 = Debug|Any CPU
		{2B111EF9-59BC-448C-A3D1-8E205DA7DCAC}.Release|Any CPU.ActiveCfg = Release|Any CPU
		{2B111EF9-59BC-448C-A3D1-8E205DA7DCAC}.Release|Any CPU.Build.0 = Release|Any CPU
		{A05FDB46-D382-4382-9594-BCDDF70C28FC}.Debug|Any CPU.ActiveCfg = Debug|Any CPU
		{A05FDB46-D382-4382-9594-BCDDF70C28FC}.Debug|Any CPU.Build.0 = Debug|Any CPU
		{A05FDB46-D382-4382-9594-BCDDF70C28FC}.Release|Any CPU.ActiveCfg = Release|Any CPU
		{A05FDB46-D382-4382-9594-BCDDF70C28FC}.Release|Any CPU.Build.0 = Release|Any CPU
		{58B34547-0D1E-4375-A8CE-518C5937F4C9}.Debug|Any CPU.ActiveCfg = Debug|Any CPU
		{58B34547-0D1E-4375-A8CE-518C5937F4C9}.Debug|Any CPU.Build.0 = Debug|Any CPU
		{58B34547-0D1E-4375-A8CE-518C5937F4C9}.Release|Any CPU.ActiveCfg = Release|Any CPU
		{58B34547-0D1E-4375-A8CE-518C5937F4C9}.Release|Any CPU.Build.0 = Release|Any CPU
		{C33993EA-2749-4B58-9588-FAE98F63DD19}.Debug|Any CPU.ActiveCfg = Debug|Any CPU
		{C33993EA-2749-4B58-9588-FAE98F63DD19}.Debug|Any CPU.Build.0 = Debug|Any CPU
		{C33993EA-2749-4B58-9588-FAE98F63DD19}.Release|Any CPU.ActiveCfg = Release|Any CPU
		{C33993EA-2749-4B58-9588-FAE98F63DD19}.Release|Any CPU.Build.0 = Release|Any CPU
		{BB1890DB-B596-47B0-9648-A9C3A9BA7FC7}.Debug|Any CPU.ActiveCfg = Debug|Any CPU
		{BB1890DB-B596-47B0-9648-A9C3A9BA7FC7}.Debug|Any CPU.Build.0 = Debug|Any CPU
		{BB1890DB-B596-47B0-9648-A9C3A9BA7FC7}.Release|Any CPU.ActiveCfg = Release|Any CPU
		{BB1890DB-B596-47B0-9648-A9C3A9BA7FC7}.Release|Any CPU.Build.0 = Release|Any CPU
		{D7568ABC-4EB7-40A9-AD0D-537064D07097}.Debug|Any CPU.ActiveCfg = Debug|Any CPU
		{D7568ABC-4EB7-40A9-AD0D-537064D07097}.Debug|Any CPU.Build.0 = Debug|Any CPU
		{D7568ABC-4EB7-40A9-AD0D-537064D07097}.Release|Any CPU.ActiveCfg = Release|Any CPU
		{D7568ABC-4EB7-40A9-AD0D-537064D07097}.Release|Any CPU.Build.0 = Release|Any CPU
		{548DAAED-7E76-4CB8-82B1-9656513543AD}.Debug|Any CPU.ActiveCfg = Debug|Any CPU
		{548DAAED-7E76-4CB8-82B1-9656513543AD}.Debug|Any CPU.Build.0 = Debug|Any CPU
		{548DAAED-7E76-4CB8-82B1-9656513543AD}.Release|Any CPU.ActiveCfg = Release|Any CPU
		{548DAAED-7E76-4CB8-82B1-9656513543AD}.Release|Any CPU.Build.0 = Release|Any CPU
		{6996A0DE-FC7C-4722-942B-EED9B6716979}.Debug|Any CPU.ActiveCfg = Debug|Any CPU
		{6996A0DE-FC7C-4722-942B-EED9B6716979}.Debug|Any CPU.Build.0 = Debug|Any CPU
		{6996A0DE-FC7C-4722-942B-EED9B6716979}.Release|Any CPU.ActiveCfg = Release|Any CPU
		{6996A0DE-FC7C-4722-942B-EED9B6716979}.Release|Any CPU.Build.0 = Release|Any CPU
		{817BB5DB-CB82-4401-A221-2E868CE19435}.Debug|Any CPU.ActiveCfg = Debug|Any CPU
		{817BB5DB-CB82-4401-A221-2E868CE19435}.Debug|Any CPU.Build.0 = Debug|Any CPU
		{817BB5DB-CB82-4401-A221-2E868CE19435}.Release|Any CPU.ActiveCfg = Release|Any CPU
		{817BB5DB-CB82-4401-A221-2E868CE19435}.Release|Any CPU.Build.0 = Release|Any CPU
		{D32AEA34-784A-486E-B0DB-8C1470106E89}.Debug|Any CPU.ActiveCfg = Debug|Any CPU
		{D32AEA34-784A-486E-B0DB-8C1470106E89}.Debug|Any CPU.Build.0 = Debug|Any CPU
		{D32AEA34-784A-486E-B0DB-8C1470106E89}.Release|Any CPU.ActiveCfg = Release|Any CPU
		{D32AEA34-784A-486E-B0DB-8C1470106E89}.Release|Any CPU.Build.0 = Release|Any CPU
		{D248610E-4543-424D-BDB1-E63CA41DFCB2}.Debug|Any CPU.ActiveCfg = Debug|Any CPU
		{D248610E-4543-424D-BDB1-E63CA41DFCB2}.Debug|Any CPU.Build.0 = Debug|Any CPU
		{D248610E-4543-424D-BDB1-E63CA41DFCB2}.Release|Any CPU.ActiveCfg = Release|Any CPU
		{D248610E-4543-424D-BDB1-E63CA41DFCB2}.Release|Any CPU.Build.0 = Release|Any CPU
		{5D0DBAB8-EAC6-4B7E-B6EF-0CBFD7234D47}.Debug|Any CPU.ActiveCfg = Debug|Any CPU
		{5D0DBAB8-EAC6-4B7E-B6EF-0CBFD7234D47}.Debug|Any CPU.Build.0 = Debug|Any CPU
		{5D0DBAB8-EAC6-4B7E-B6EF-0CBFD7234D47}.Release|Any CPU.ActiveCfg = Release|Any CPU
		{5D0DBAB8-EAC6-4B7E-B6EF-0CBFD7234D47}.Release|Any CPU.Build.0 = Release|Any CPU
		{1667FFE7-6336-47DB-B797-BC78EAA57B95}.Debug|Any CPU.ActiveCfg = Debug|Any CPU
		{1667FFE7-6336-47DB-B797-BC78EAA57B95}.Debug|Any CPU.Build.0 = Debug|Any CPU
		{1667FFE7-6336-47DB-B797-BC78EAA57B95}.Release|Any CPU.ActiveCfg = Release|Any CPU
		{1667FFE7-6336-47DB-B797-BC78EAA57B95}.Release|Any CPU.Build.0 = Release|Any CPU
		{825CA198-8394-4BC3-BB28-376E2480D9C9}.Debug|Any CPU.ActiveCfg = Debug|Any CPU
		{825CA198-8394-4BC3-BB28-376E2480D9C9}.Debug|Any CPU.Build.0 = Debug|Any CPU
		{825CA198-8394-4BC3-BB28-376E2480D9C9}.Release|Any CPU.ActiveCfg = Release|Any CPU
		{825CA198-8394-4BC3-BB28-376E2480D9C9}.Release|Any CPU.Build.0 = Release|Any CPU
		{98D42C8F-F90D-4862-B914-D0F9DEE76822}.Debug|Any CPU.ActiveCfg = Debug|Any CPU
		{98D42C8F-F90D-4862-B914-D0F9DEE76822}.Debug|Any CPU.Build.0 = Debug|Any CPU
		{98D42C8F-F90D-4862-B914-D0F9DEE76822}.Release|Any CPU.ActiveCfg = Release|Any CPU
		{98D42C8F-F90D-4862-B914-D0F9DEE76822}.Release|Any CPU.Build.0 = Release|Any CPU
	EndGlobalSection
	GlobalSection(SolutionProperties) = preSolution
		HideSolutionNode = FALSE
	EndGlobalSection
	GlobalSection(ExtensibilityGlobals) = postSolution
		SolutionGuid = {68926B45-D211-4F52-993A-EC80EB018329}
	EndGlobalSection
EndGlobal
